{
  "name": "columbia-token-issuer",
  "version": "1.0.0",
  "lockfileVersion": 3,
  "requires": true,
  "packages": {
    "": {
      "name": "columbia-token-issuer",
      "version": "1.0.0",
      "license": "PolyForm-Noncommercial-1.0.0",
      "dependencies": {
        "@cloudflare/blindrsa-ts": "0.4.6"
      },
      "engines": {
        "node": ">=20"
      }
    },
    "node_modules/@cloudflare/blindrsa-ts": {
      "version": "0.4.6",
      "resolved": "https://registry.npmjs.org/@cloudflare/blindrsa-ts/-/blindrsa-ts-0.4.6.tgz",
      "integrity": "sha512-n+CAo1hM78qkiouXB0Io1pPVBFKIaJqU7FqdCDNtBAB7q2bBpQOifv7Om3Jln/nx+IhjQAjlDjp8la3e9Yg9Bw==",
      "license": "Apache-2.0",
      "dependencies": {
        "sjcl": "1.0.9"
      },
      "engines": {
        "node": ">=24"
      }
    },
    "node_modules/sjcl": {
      "version": "1.0.9",
      "resolved": "https://registry.npmjs.org/sjcl/-/sjcl-1.0.9.tgz",
      "integrity": "sha512-dWM71tkSHxe7zEZj0/COjtJdmErIxp7UMp8a6D4xx8dTTtJLc4lFL+HAX8s6lvASyQQ2iYMHwa7rhhQq7MT5MA==",
      "license": "(BSD-2-Clause OR GPL-2.0-only)",
      "engines": {
        "node": "*"
      }
    }
  }
}
